
Microsoft Visual Studio Solution File, Format Version 12.00
# Visual Studio Version 16
VisualStudioVersion = 16.0.30503.244
MinimumVisualStudioVersion = 10.0.40219.1
Project("{FAE04EC0-301F-11D3-BF4B-00C04F79EFBC}") = "SuDungGenerics", "SuDungGenerics\SuDungGenerics.csproj", "{B3E9A52B-7EDF-49C1-9B5D-29F8543F4D76}"
EndProject
Global
	GlobalSection(SolutionConfigurationPlatforms) = preSolution
		Debug|Any CPU = Debug|Any CPU
		Release|Any CPU = Release|Any CPU
	EndGlobalSection
	GlobalSection(ProjectConfigurationPlatforms) = postSolution
		{B3E9A52B-7EDF-49C1-9B5D-29F8543F4D76}.Debug|Any CPU.ActiveCfg = Debug|Any CPU
		{B3E9A52B-7EDF-49C1-9B5D-29F8543F4D76}.Debug|Any CPU.Build.0 = Debug|Any CPU
		{B3E9A52B-7EDF-49C1-9B5D-29F8543F4D76}.Release|Any CPU.ActiveCfg = Release|Any CPU
		{B3E9A52B-7EDF-49C1-9B5D-29F8543F4D76}.Release|Any CPU.Build.0 = Release|Any CPU
	EndGlobalSection
	GlobalSection(SolutionProperties) = preSolution
		HideSolutionNode = FALSE
	EndGlobalSection
	GlobalSection(ExtensibilityGlobals) = postSolution
		SolutionGuid = {9E92689B-EAAC-4AE3-B35E-C1EAF29050A4}
	EndGlobalSection
EndGlobal
